
Microsoft Visual Studio Solution File, Format Version 12.00
# Visual Studio Version 16
VisualStudioVersion = 16.0.32901.82
MinimumVisualStudioVersion = 10.0.40219.1
Project("{FAE04EC0-301F-11D3-BF4B-00C04F79EFBC}") = "CSC385_Project", "CSC385_Project.csproj", "{625CB507-FCB3-44B0-AD9A-5EB8A56E415F}"
EndProject
Global
	GlobalSection(SolutionConfigurationPlatforms) = preSolution
		Debug|Any CPU = Debug|Any CPU
		Release|Any CPU = Release|Any CPU
	EndGlobalSection
	GlobalSection(ProjectConfigurationPlatforms) = postSolution
		{625CB507-FCB3-44B0-AD9A-5EB8A56E415F}.Debug|Any CPU.ActiveCfg = Debug|Any CPU
		{625CB507-FCB3-44B0-AD9A-5EB8A56E415F}.Debug|Any CPU.Build.0 = Debug|Any CPU
		{625CB507-FCB3-44B0-AD9A-5EB8A56E415F}.Release|Any CPU.ActiveCfg = Release|Any CPU
		{625CB507-FCB3-44B0-AD9A-5EB8A56E415F}.Release|Any CPU.Build.0 = Release|Any CPU
	EndGlobalSection
	GlobalSection(SolutionProperties) = preSolution
		HideSolutionNode = FALSE
	EndGlobalSection
	GlobalSection(ExtensibilityGlobals) = postSolution
		SolutionGuid = {8751DE9D-4858-4575-BF13-D0627F1E77DD}
	EndGlobalSection
EndGlobal
